// !$*UTF8*$!
{
	archiveVersion = 1;
	classes = {
	};
	objectVersion = 46;
	objects = {

/* Begin PBXBuildFile section */
		3A0CBA011AE983D7008A2C03 /* OrderViewController.swift in Sources */ = {isa = PBXBuildFile; fileRef = 3A0CBA001AE983D7008A2C03 /* OrderViewController.swift */; };
		3A0CBA031AE984A3008A2C03 /* OrderModel.swift in Sources */ = {isa = PBXBuildFile; fileRef = 3A0CBA021AE984A3008A2C03 /* OrderModel.swift */; };
		3A0CBA051AEAE519008A2C03 /* LoginController.swift in Sources */ = {isa = PBXBuildFile; fileRef = 3A0CBA041AEAE519008A2C03 /* LoginController.swift */; };
		3A1363171B005B4D00D787E3 /* PreviewController.swift in Sources */ = {isa = PBXBuildFile; fileRef = 3A1363161B005B4D00D787E3 /* PreviewController.swift */; };
		3AA29EC41AE4498700A906D8 /* AppDelegate.swift in Sources */ = {isa = PBXBuildFile; fileRef = 3AA29EC31AE4498700A906D8 /* AppDelegate.swift */; };
		3AA29EC91AE4498700A906D8 /* ViewController.swift in Sources */ = {isa = PBXBuildFile; fileRef = 3AA29EC81AE4498700A906D8 /* ViewController.swift */; };
		3AA29ECC1AE4498700A906D8 /* Main.storyboard in Resources */ = {isa = PBXBuildFile; fileRef = 3AA29ECA1AE4498700A906D8 /* Main.storyboard */; };
		3AA29ED11AE4498700A906D8 /* LaunchScreen.xib in Resources */ = {isa = PBXBuildFile; fileRef = 3AA29ECF1AE4498700A906D8 /* LaunchScreen.xib */; };
		3AA29EDD1AE4498700A906D8 /* Sand_Hill_ExchangeTests.swift in Sources */ = {isa = PBXBuildFile; fileRef = 3AA29EDC1AE4498700A906D8 /* Sand_Hill_ExchangeTests.swift */; };
		3AA29EE71AE44C8100A906D8 /* Images.xcassets in Resources */ = {isa = PBXBuildFile; fileRef = 3AA29EE61AE44C8100A906D8 /* Images.xcassets */; };
		3AA29EEB1AE461FA00A906D8 /* CompanyModel.swift in Sources */ = {isa = PBXBuildFile; fileRef = 3AA29EEA1AE461FA00A906D8 /* CompanyModel.swift */; };
		3AA29EF51AE4903500A906D8 /* MarketViewController.swift in Sources */ = {isa = PBXBuildFile; fileRef = 3AA29EF41AE4903500A906D8 /* MarketViewController.swift */; };
		3AA29EF71AE4A27000A906D8 /* MarketCell.swift in Sources */ = {isa = PBXBuildFile; fileRef = 3AA29EF61AE4A27000A906D8 /* MarketCell.swift */; };
		3AA29EF91AE4B10C00A906D8 /* CompanyViewController.swift in Sources */ = {isa = PBXBuildFile; fileRef = 3AA29EF81AE4B10C00A906D8 /* CompanyViewController.swift */; };
		3AD0CD5A1AF6BCC9000C9A35 /* KeychainWrapper.m in Sources */ = {isa = PBXBuildFile; fileRef = 3AD0CD591AF6BCC9000C9A35 /* KeychainWrapper.m */; };
/* End PBXBuildFile section */

/* Begin PBXContainerItemProxy section */
		3AA29ED71AE4498700A906D8 /* PBXContainerItemProxy */ = {
			isa = PBXContainerItemProxy;
			containerPortal = 3AA29EB61AE4498700A906D8 /* Project object */;
			proxyType = 1;
			remoteGlobalIDString = 3AA29EBD1AE4498700A906D8;
			remoteInfo = "Sand Hill Exchange";
		};
/* End PBXContainerItemProxy section */

/* Begin PBXFileReference section */
		3A0CBA001AE983D7008A2C03 /* OrderViewController.swift */ = {isa = PBXFileReference; fileEncoding = 4; lastKnownFileType = sourcecode.swift; path = OrderViewController.swift; sourceTree = "<group>"; };
		3A0CBA021AE984A3008A2C03 /* OrderModel.swift */ = {isa = PBXFileReference; fileEncoding = 4; lastKnownFileType = sourcecode.swift; path = OrderModel.swift; sourceTree = "<group>"; };
		3A0CBA041AEAE519008A2C03 /* LoginController.swift */ = {isa = PBXFileReference; fileEncoding = 4; lastKnownFileType = sourcecode.swift; path = LoginController.swift; sourceTree = "<group>"; };
		3A1363161B005B4D00D787E3 /* PreviewController.swift */ = {isa = PBXFileReference; fileEncoding = 4; lastKnownFileType = sourcecode.swift; path = PreviewController.swift; sourceTree = "<group>"; };
		3AA29EBE1AE4498700A906D8 /* Sand Hill Exchange.app */ = {isa = PBXFileReference; explicitFileType = wrapper.application; includeInIndex = 0; path = "Sand Hill Exchange.app"; sourceTree = BUILT_PRODUCTS_DIR; };
		3AA29EC21AE4498700A906D8 /* Info.plist */ = {isa = PBXFileReference; lastKnownFileType = text.plist.xml; path = Info.plist; sourceTree = "<group>"; };
		3AA29EC31AE4498700A906D8 /* AppDelegate.swift */ = {isa = PBXFileReference; lastKnownFileType = sourcecode.swift; path = AppDelegate.swift; sourceTree = "<group>"; };
		3AA29EC81AE4498700A906D8 /* ViewController.swift */ = {isa = PBXFileReference; lastKnownFileType = sourcecode.swift; path = ViewController.swift; sourceTree = "<group>"; };
		3AA29ECB1AE4498700A906D8 /* Base */ = {isa = PBXFileReference; lastKnownFileType = file.storyboard; name = Base; path = Base.lproj/Main.storyboard; sourceTree = "<group>"; };
		3AA29ED01AE4498700A906D8 /* Base */ = {isa = PBXFileReference; lastKnownFileType = file.xib; name = Base; path = Base.lproj/LaunchScreen.xib; sourceTree = "<group>"; };
		3AA29ED61AE4498700A906D8 /* Sand Hill ExchangeTests.xctest */ = {isa = PBXFileReference; explicitFileType = wrapper.cfbundle; includeInIndex = 0; path = "Sand Hill ExchangeTests.xctest"; sourceTree = BUILT_PRODUCTS_DIR; };
		3AA29EDB1AE4498700A906D8 /* Info.plist */ = {isa = PBXFileReference; lastKnownFileType = text.plist.xml; path = Info.plist; sourceTree = "<group>"; };
		3AA29EDC1AE4498700A906D8 /* Sand_Hill_ExchangeTests.swift */ = {isa = PBXFileReference; lastKnownFileType = sourcecode.swift; path = Sand_Hill_ExchangeTests.swift; sourceTree = "<group>"; };
		3AA29EE61AE44C8100A906D8 /* Images.xcassets */ = {isa = PBXFileReference; lastKnownFileType = folder.assetcatalog; path = Images.xcassets; sourceTree = "<group>"; };
		3AA29EEA1AE461FA00A906D8 /* CompanyModel.swift */ = {isa = PBXFileReference; fileEncoding = 4; lastKnownFileType = sourcecode.swift; path = CompanyModel.swift; sourceTree = "<group>"; };
		3AA29EF41AE4903500A906D8 /* MarketViewController.swift */ = {isa = PBXFileReference; fileEncoding = 4; lastKnownFileType = sourcecode.swift; name = MarketViewController.swift; path = ../MarketViewController.swift; sourceTree = "<group>"; };
		3AA29EF61AE4A27000A906D8 /* MarketCell.swift */ = {isa = PBXFileReference; fileEncoding = 4; lastKnownFileType = sourcecode.swift; path = MarketCell.swift; sourceTree = "<group>"; };
		3AA29EF81AE4B10C00A906D8 /* CompanyViewController.swift */ = {isa = PBXFileReference; fileEncoding = 4; lastKnownFileType = sourcecode.swift; path = CompanyViewController.swift; sourceTree = "<group>"; };
		3AD0CD571AF6BCC8000C9A35 /* Sand Hill Exchange-Bridging-Header.h */ = {isa = PBXFileReference; lastKnownFileType = sourcecode.c.h; path = "Sand Hill Exchange-Bridging-Header.h"; sourceTree = "<group>"; };
		3AD0CD581AF6BCC9000C9A35 /* KeychainWrapper.h */ = {isa = PBXFileReference; fileEncoding = 4; lastKnownFileType = sourcecode.c.h; path = KeychainWrapper.h; sourceTree = "<group>"; };
		3AD0CD591AF6BCC9000C9A35 /* KeychainWrapper.m */ = {isa = PBXFileReference; fileEncoding = 4; lastKnownFileType = sourcecode.c.objc; path = KeychainWrapper.m; sourceTree = "<group>"; };
/* End PBXFileReference section */

/* Begin PBXFrameworksBuildPhase section */
		3AA29EBB1AE4498700A906D8 /* Frameworks */ = {
			isa = PBXFrameworksBuildPhase;
			buildActionMask = 2147483647;
			files = (
			);
			runOnlyForDeploymentPostprocessing = 0;
		};
		3AA29ED31AE4498700A906D8 /* Frameworks */ = {
			isa = PBXFrameworksBuildPhase;
			buildActionMask = 2147483647;
			files = (
			);
			runOnlyForDeploymentPostprocessing = 0;
		};
/* End PBXFrameworksBuildPhase section */

/* Begin PBXGroup section */
		3AA29EB51AE4498600A906D8 = {
			isa = PBXGroup;
			children = (
				3AA29EC01AE4498700A906D8 /* Sand Hill Exchange */,
				3AA29ED91AE4498700A906D8 /* Sand Hill ExchangeTests */,
				3AA29EBF1AE4498700A906D8 /* Products */,
			);
			sourceTree = "<group>";
		};
		3AA29EBF1AE4498700A906D8 /* Products */ = {
			isa = PBXGroup;
			children = (
				3AA29EBE1AE4498700A906D8 /* Sand Hill Exchange.app */,
				3AA29ED61AE4498700A906D8 /* Sand Hill ExchangeTests.xctest */,
			);
			name = Products;
			sourceTree = "<group>";
		};
		3AA29EC01AE4498700A906D8 /* Sand Hill Exchange */ = {
			isa = PBXGroup;
			children = (
				3AA29EF41AE4903500A906D8 /* MarketViewController.swift */,
				3AA29EE61AE44C8100A906D8 /* Images.xcassets */,
				3AA29EC31AE4498700A906D8 /* AppDelegate.swift */,
				3AA29EC81AE4498700A906D8 /* ViewController.swift */,
				3AA29ECA1AE4498700A906D8 /* Main.storyboard */,
				3A1363161B005B4D00D787E3 /* PreviewController.swift */,
				3A0CBA041AEAE519008A2C03 /* LoginController.swift */,
				3A0CBA001AE983D7008A2C03 /* OrderViewController.swift */,
				3AD0CD581AF6BCC9000C9A35 /* KeychainWrapper.h */,
				3AD0CD591AF6BCC9000C9A35 /* KeychainWrapper.m */,
				3AA29EF81AE4B10C00A906D8 /* CompanyViewController.swift */,
				3AA29EEA1AE461FA00A906D8 /* CompanyModel.swift */,
				3A0CBA021AE984A3008A2C03 /* OrderModel.swift */,
				3AA29ECF1AE4498700A906D8 /* LaunchScreen.xib */,
				3AA29EC11AE4498700A906D8 /* Supporting Files */,
				3AA29EF61AE4A27000A906D8 /* MarketCell.swift */,
				3AD0CD571AF6BCC8000C9A35 /* Sand Hill Exchange-Bridging-Header.h */,
			);
			path = "Sand Hill Exchange";
			sourceTree = "<group>";
		};
		3AA29EC11AE4498700A906D8 /* Supporting Files */ = {
			isa = PBXGroup;
			children = (
				3AA29EC21AE4498700A906D8 /* Info.plist */,
			);
			name = "Supporting Files";
			sourceTree = "<group>";
		};
		3AA29ED91AE4498700A906D8 /* Sand Hill ExchangeTests */ = {
			isa = PBXGroup;
			children = (
				3AA29EDC1AE4498700A906D8 /* Sand_Hill_ExchangeTests.swift */,
				3AA29EDA1AE4498700A906D8 /* Supporting Files */,
			);
			path = "Sand Hill ExchangeTests";
			sourceTree = "<group>";
		};
		3AA29EDA1AE4498700A906D8 /* Supporting Files */ = {
			isa = PBXGroup;
			children = (
				3AA29EDB1AE4498700A906D8 /* Info.plist */,
			);
			name = "Supporting Files";
			sourceTree = "<group>";
		};
/* End PBXGroup section */

/* Begin PBXNativeTarget section */
		3AA29EBD1AE4498700A906D8 /* Sand Hill Exchange */ = {
			isa = PBXNativeTarget;
			buildConfigurationList = 3AA29EE01AE4498700A906D8 /* Build configuration list for PBXNativeTarget "Sand Hill Exchange" */;
			buildPhases = (
				3AA29EBA1AE4498700A906D8 /* Sources */,
				3AA29EBB1AE4498700A906D8 /* Frameworks */,
				3AA29EBC1AE4498700A906D8 /* Resources */,
			);
			buildRules = (
			);
			dependencies = (
			);
			name = "Sand Hill Exchange";
			productName = "Sand Hill Exchange";
			productReference = 3AA29EBE1AE4498700A906D8 /* Sand Hill Exchange.app */;
			productType = "com.apple.product-type.application";
		};
		3AA29ED51AE4498700A906D8 /* Sand Hill ExchangeTests */ = {
			isa = PBXNativeTarget;
			buildConfigurationList = 3AA29EE31AE4498700A906D8 /* Build configuration list for PBXNativeTarget "Sand Hill ExchangeTests" */;
			buildPhases = (
				3AA29ED21AE4498700A906D8 /* Sources */,
				3AA29ED31AE4498700A906D8 /* Frameworks */,
				3AA29ED41AE4498700A906D8 /* Resources */,
			);
			buildRules = (
			);
			dependencies = (
				3AA29ED81AE4498700A906D8 /* PBXTargetDependency */,
			);
			name = "Sand Hill ExchangeTests";
			productName = "Sand Hill ExchangeTests";
			productReference = 3AA29ED61AE4498700A906D8 /* Sand Hill ExchangeTests.xctest */;
			productType = "com.apple.product-type.bundle.unit-test";
		};
/* End PBXNativeTarget section */

/* Begin PBXProject section */
		3AA29EB61AE4498700A906D8 /* Project object */ = {
			isa = PBXProject;
			attributes = {
				LastUpgradeCheck = 0630;
				ORGANIZATIONNAME = "Sand Hill Exchange";
				TargetAttributes = {
					3AA29EBD1AE4498700A906D8 = {
						CreatedOnToolsVersion = 6.3;
					};
					3AA29ED51AE4498700A906D8 = {
						CreatedOnToolsVersion = 6.3;
						TestTargetID = 3AA29EBD1AE4498700A906D8;
					};
				};
			};
			buildConfigurationList = 3AA29EB91AE4498700A906D8 /* Build configuration list for PBXProject "Sand Hill Exchange" */;
			compatibilityVersion = "Xcode 3.2";
			developmentRegion = English;
			hasScannedForEncodings = 0;
			knownRegions = (
				en,
				Base,
			);
			mainGroup = 3AA29EB51AE4498600A906D8;
			productRefGroup = 3AA29EBF1AE4498700A906D8 /* Products */;
			projectDirPath = "";
			projectRoot = "";
			targets = (
				3AA29EBD1AE4498700A906D8 /* Sand Hill Exchange */,
				3AA29ED51AE4498700A906D8 /* Sand Hill ExchangeTests */,
			);
		};
/* End PBXProject section */

/* Begin PBXResourcesBuildPhase section */
		3AA29EBC1AE4498700A906D8 /* Resources */ = {
			isa = PBXResourcesBuildPhase;
			buildActionMask = 2147483647;
			files = (
				3AA29EE71AE44C8100A906D8 /* Images.xcassets in Resources */,
				3AA29ECC1AE4498700A906D8 /* Main.storyboard in Resources */,
				3AA29ED11AE4498700A906D8 /* LaunchScreen.xib in Resources */,
			);
			runOnlyForDeploymentPostprocessing = 0;
		};
		3AA29ED41AE4498700A906D8 /* Resources */ = {
			isa = PBXResourcesBuildPhase;
			buildActionMask = 2147483647;
			files = (
			);
			runOnlyForDeploymentPostprocessing = 0;
		};
/* End PBXResourcesBuildPhase section */

/* Begin PBXSourcesBuildPhase section */
		3AA29EBA1AE4498700A906D8 /* Sources */ = {
			isa = PBXSourcesBuildPhase;
			buildActionMask = 2147483647;
			files = (
				3A0CBA031AE984A3008A2C03 /* OrderModel.swift in Sources */,
				3AA29EF51AE4903500A906D8 /* MarketViewController.swift in Sources */,
				3AA29EF71AE4A27000A906D8 /* MarketCell.swift in Sources */,
				3A1363171B005B4D00D787E3 /* PreviewController.swift in Sources */,
				3AA29EF91AE4B10C00A906D8 /* CompanyViewController.swift in Sources */,
				3A0CBA011AE983D7008A2C03 /* OrderViewController.swift in Sources */,
				3AA29EC91AE4498700A906D8 /* ViewController.swift in Sources */,
				3A0CBA051AEAE519008A2C03 /* LoginController.swift in Sources */,
				3AA29EEB1AE461FA00A906D8 /* CompanyModel.swift in Sources */,
				3AA29EC41AE4498700A906D8 /* AppDelegate.swift in Sources */,
				3AD0CD5A1AF6BCC9000C9A35 /* KeychainWrapper.m in Sources */,
			);
			runOnlyForDeploymentPostprocessing = 0;
		};
		3AA29ED21AE4498700A906D8 /* Sources */ = {
			isa = PBXSourcesBuildPhase;
			buildActionMask = 2147483647;
			files = (
				3AA29EDD1AE4498700A906D8 /* Sand_Hill_ExchangeTests.swift in Sources */,
			);
			runOnlyForDeploymentPostprocessing = 0;
		};
/* End PBXSourcesBuildPhase section */

/* Begin PBXTargetDependency section */
		3AA29ED81AE4498700A906D8 /* PBXTargetDependency */ = {
			isa = PBXTargetDependency;
			target = 3AA29EBD1AE4498700A906D8 /* Sand Hill Exchange */;
			targetProxy = 3AA29ED71AE4498700A906D8 /* PBXContainerItemProxy */;
		};
/* End PBXTargetDependency section */

/* Begin PBXVariantGroup section */
		3AA29ECA1AE4498700A906D8 /* Main.storyboard */ = {
			isa = PBXVariantGroup;
			children = (
				3AA29ECB1AE4498700A906D8 /* Base */,
			);
			name = Main.storyboard;
			sourceTree = "<group>";
		};
		3AA29ECF1AE4498700A906D8 /* LaunchScreen.xib */ = {
			isa = PBXVariantGroup;
			children = (
				3AA29ED01AE4498700A906D8 /* Base */,
			);
			name = LaunchScreen.xib;
			sourceTree = "<group>";
		};
/* End PBXVariantGroup section */

/* Begin XCBuildConfiguration section */
		3AA29EDE1AE4498700A906D8 /* Debug */ = {
			isa = XCBuildConfiguration;
			buildSettings = {
				ALWAYS_SEARCH_USER_PATHS = NO;
				CLANG_CXX_LANGUAGE_STANDARD = "gnu++0x";
				CLANG_CXX_LIBRARY = "libc++";
				CLANG_ENABLE_MODULES = YES;
				CLANG_ENABLE_OBJC_ARC = YES;
				CLANG_WARN_BOOL_CONVERSION = YES;
				CLANG_WARN_CONSTANT_CONVERSION = YES;
				CLANG_WARN_DIRECT_OBJC_ISA_USAGE = YES_ERROR;
				CLANG_WARN_EMPTY_BODY = YES;
				CLANG_WARN_ENUM_CONVERSION = YES;
				CLANG_WARN_INT_CONVERSION = YES;
				CLANG_WARN_OBJC_ROOT_CLASS = YES_ERROR;
				CLANG_WARN_UNREACHABLE_CODE = YES;
				CLANG_WARN__DUPLICATE_METHOD_MATCH = YES;
				"CODE_SIGN_IDENTITY[sdk=iphoneos*]" = "iPhone Developer";
				COPY_PHASE_STRIP = NO;
				DEBUG_INFORMATION_FORMAT = "dwarf-with-dsym";
				ENABLE_STRICT_OBJC_MSGSEND = YES;
				GCC_C_LANGUAGE_STANDARD = gnu99;
				GCC_DYNAMIC_NO_PIC = NO;
				GCC_NO_COMMON_BLOCKS = YES;
				GCC_OPTIMIZATION_LEVEL = 0;
				GCC_PREPROCESSOR_DEFINITIONS = (
					"DEBUG=1",
					"$(inherited)",
				);
				GCC_SYMBOLS_PRIVATE_EXTERN = NO;
				GCC_WARN_64_TO_32_BIT_CONVERSION = YES;
				GCC_WARN_ABOUT_RETURN_TYPE = YES_ERROR;
				GCC_WARN_UNDECLARED_SELECTOR = YES;
				GCC_WARN_UNINITIALIZED_AUTOS = YES_AGGRESSIVE;
				GCC_WARN_UNUSED_FUNCTION = YES;
				GCC_WARN_UNUSED_VARIABLE = YES;
				IPHONEOS_DEPLOYMENT_TARGET = 8.1;
				MTL_ENABLE_DEBUG_INFO = YES;
				ONLY_ACTIVE_ARCH = YES;
				SDKROOT = iphoneos;
				SWIFT_OPTIMIZATION_LEVEL = "-Onone";
				TARGETED_DEVICE_FAMILY = "1,2";
			};
			name = Debug;
		};
		3AA29EDF1AE4498700A906D8 /* Release */ = {
			isa = XCBuildConfiguration;
			buildSettings = {
				ALWAYS_SEARCH_USER_PATHS = NO;
				CLANG_CXX_LANGUAGE_STANDARD = "gnu++0x";
				CLANG_CXX_LIBRARY = "libc++";
				CLANG_ENABLE_MODULES = YES;
				CLANG_ENABLE_OBJC_ARC = YES;
				CLANG_WARN_BOOL_CONVERSION = YES;
				CLANG_WARN_CONSTANT_CONVERSION = YES;
				CLANG_WARN_DIRECT_OBJC_ISA_USAGE = YES_ERROR;
				CLANG_WARN_EMPTY_BODY = YES;
				CLANG_WARN_ENUM_CONVERSION = YES;
				CLANG_WARN_INT_CONVERSION = YES;
				CLANG_WARN_OBJC_ROOT_CLASS = YES_ERROR;
				CLANG_WARN_UNREACHABLE_CODE = YES;
				CLANG_WARN__DUPLICATE_METHOD_MATCH = YES;
				"CODE_SIGN_IDENTITY[sdk=iphoneos*]" = "iPhone Developer";
				COPY_PHASE_STRIP = NO;
				DEBUG_INFORMATION_FORMAT = "dwarf-with-dsym";
				ENABLE_NS_ASSERTIONS = NO;
				ENABLE_STRICT_OBJC_MSGSEND = YES;
				GCC_C_LANGUAGE_STANDARD = gnu99;
				GCC_NO_COMMON_BLOCKS = YES;
				GCC_WARN_64_TO_32_BIT_CONVERSION = YES;
				GCC_WARN_ABOUT_RETURN_TYPE = YES_ERROR;
				GCC_WARN_UNDECLARED_SELECTOR = YES;
				GCC_WARN_UNINITIALIZED_AUTOS = YES_AGGRESSIVE;
				GCC_WARN_UNUSED_FUNCTION = YES;
				GCC_WARN_UNUSED_VARIABLE = YES;
				IPHONEOS_DEPLOYMENT_TARGET = 8.1;
				MTL_ENABLE_DEBUG_INFO = NO;
				SDKROOT = iphoneos;
				TARGETED_DEVICE_FAMILY = "1,2";
				VALIDATE_PRODUCT = YES;
			};
			name = Release;
		};
		3AA29EE11AE4498700A906D8 /* Debug */ = {
			isa = XCBuildConfiguration;
			buildSettings = {
				ASSETCATALOG_COMPILER_APPICON_NAME = AppIcon;
				CLANG_ENABLE_MODULES = YES;
				INFOPLIST_FILE = "Sand Hill Exchange/Info.plist";
				LD_RUNPATH_SEARCH_PATHS = "$(inherited) @executable_path/Frameworks";
				PRODUCT_NAME = "$(TARGET_NAME)";
				SWIFT_OBJC_BRIDGING_HEADER = "Sand Hill Exchange/Sand Hill Exchange-Bridging-Header.h";
				SWIFT_OPTIMIZATION_LEVEL = "-Onone";
			};
			name = Debug;
		};
		3AA29EE21AE4498700A906D8 /* Release */ = {
			isa = XCBuildConfiguration;
			buildSettings = {
				ASSETCATALOG_COMPILER_APPICON_NAME = AppIcon;
				CLANG_ENABLE_MODULES = YES;
				INFOPLIST_FILE = "Sand Hill Exchange/Info.plist";
				LD_RUNPATH_SEARCH_PATHS = "$(inherited) @executable_path/Frameworks";
				PRODUCT_NAME = "$(TARGET_NAME)";
				SWIFT_OBJC_BRIDGING_HEADER = "Sand Hill Exchange/Sand Hill Exchange-Bridging-Header.h";
			};
			name = Release;
		};
		3AA29EE41AE4498700A906D8 /* Debug */ = {
			isa = XCBuildConfiguration;
			buildSettings = {
				BUNDLE_LOADER = "$(TEST_HOST)";
				FRAMEWORK_SEARCH_PATHS = (
					"$(SDKROOT)/Developer/Library/Frameworks",
					"$(inherited)",
				);
				GCC_PREPROCESSOR_DEFINITIONS = (
					"DEBUG=1",
					"$(inherited)",
				);
				INFOPLIST_FILE = "Sand Hill ExchangeTests/Info.plist";
				LD_RUNPATH_SEARCH_PATHS = "$(inherited) @executable_path/Frameworks @loader_path/Frameworks";
				PRODUCT_NAME = "$(TARGET_NAME)";
				TEST_HOST = "$(BUILT_PRODUCTS_DIR)/Sand Hill Exchange.app/Sand Hill Exchange";
			};
			name = Debug;
		};
		3AA29EE51AE4498700A906D8 /* Release */ = {
			isa = XCBuildConfiguration;
			buildSettings = {
				BUNDLE_LOADER = "$(TEST_HOST)";
				FRAMEWORK_SEARCH_PATHS = (
					"$(SDKROOT)/Developer/Library/Frameworks",
					"$(inherited)",
				);
				INFOPLIST_FILE = "Sand Hill ExchangeTests/Info.plist";
				LD_RUNPATH_SEARCH_PATHS = "$(inherited) @executable_path/Frameworks @loader_path/Frameworks";
				PRODUCT_NAME = "$(TARGET_NAME)";
				TEST_HOST = "$(BUILT_PRODUCTS_DIR)/Sand Hill Exchange.app/Sand Hill Exchange";
			};
			name = Release;
		};
/* End XCBuildConfiguration section */

/* Begin XCConfigurationList section */
		3AA29EB91AE4498700A906D8 /* Build configuration list for PBXProject "Sand Hill Exchange" */ = {
			isa = XCConfigurationList;
			buildConfigurations = (
				3AA29EDE1AE4498700A906D8 /* Debug */,
				3AA29EDF1AE4498700A906D8 /* Release */,
			);
			defaultConfigurationIsVisible = 0;
			defaultConfigurationName = Release;
		};
		3AA29EE01AE4498700A906D8 /* Build configuration list for PBXNativeTarget "Sand Hill Exchange" */ = {
			isa = XCConfigurationList;
			buildConfigurations = (
				3AA29EE11AE4498700A906D8 /* Debug */,
				3AA29EE21AE4498700A906D8 /* Release */,
			);
			defaultConfigurationIsVisible = 0;
			defaultConfigurationName = Release;
		};
		3AA29EE31AE4498700A906D8 /* Build configuration list for PBXNativeTarget "Sand Hill ExchangeTests" */ = {
			isa = XCConfigurationList;
			buildConfigurations = (
				3AA29EE41AE4498700A906D8 /* Debug */,
				3AA29EE51AE4498700A906D8 /* Release */,
			);
			defaultConfigurationIsVisible = 0;
			defaultConfigurationName = Release;
		};
/* End XCConfigurationList section */
	};
	rootObject = 3AA29EB61AE4498700A906D8 /* Project object */;
}
